// !$*UTF8*$!
{
	archiveVersion = 1;
	classes = {
	};
	objectVersion = 46;
	objects = {

/* Begin PBXBuildFile section */
		C40F29301A2605A60014DCF8 /* AppDelegate.swift in Sources */ = {isa = PBXBuildFile; fileRef = C40F292F1A2605A60014DCF8 /* AppDelegate.swift */; };
		C40F29321A2605A60014DCF8 /* ViewController.swift in Sources */ = {isa = PBXBuildFile; fileRef = C40F29311A2605A60014DCF8 /* ViewController.swift */; };
		C40F29351A2605A60014DCF8 /* Main.storyboard in Resources */ = {isa = PBXBuildFile; fileRef = C40F29331A2605A60014DCF8 /* Main.storyboard */; };
		C40F29371A2605A60014DCF8 /* Images.xcassets in Resources */ = {isa = PBXBuildFile; fileRef = C40F29361A2605A60014DCF8 /* Images.xcassets */; };
		C40F293A1A2605A60014DCF8 /* LaunchScreen.xib in Resources */ = {isa = PBXBuildFile; fileRef = C40F29381A2605A60014DCF8 /* LaunchScreen.xib */; };
		C40F29461A2605A60014DCF8 /* tableViewDemoTests.swift in Sources */ = {isa = PBXBuildFile; fileRef = C40F29451A2605A60014DCF8 /* tableViewDemoTests.swift */; };
/* End PBXBuildFile section */

/* Begin PBXContainerItemProxy section */
		C40F29401A2605A60014DCF8 /* PBXContainerItemProxy */ = {
			isa = PBXContainerItemProxy;
			containerPortal = C40F29221A2605A60014DCF8 /* Project object */;
			proxyType = 1;
			remoteGlobalIDString = C40F29291A2605A60014DCF8;
			remoteInfo = tableViewDemo;
		};
/* End PBXContainerItemProxy section */

/* Begin PBXFileReference section */
		C40F292A1A2605A60014DCF8 /* tableViewDemo.app */ = {isa = PBXFileReference; explicitFileType = wrapper.application; includeInIndex = 0; path = tableViewDemo.app; sourceTree = BUILT_PRODUCTS_DIR; };
		C40F292E1A2605A60014DCF8 /* Info.plist */ = {isa = PBXFileReference; lastKnownFileType = text.plist.xml; path = Info.plist; sourceTree = "<group>"; };
		C40F292F1A2605A60014DCF8 /* AppDelegate.swift */ = {isa = PBXFileReference; lastKnownFileType = sourcecode.swift; path = AppDelegate.swift; sourceTree = "<group>"; };
		C40F29311A2605A60014DCF8 /* ViewController.swift */ = {isa = PBXFileReference; lastKnownFileType = sourcecode.swift; path = ViewController.swift; sourceTree = "<group>"; };
		C40F29341A2605A60014DCF8 /* Base */ = {isa = PBXFileReference; lastKnownFileType = file.storyboard; name = Base; path = Base.lproj/Main.storyboard; sourceTree = "<group>"; };
		C40F29361A2605A60014DCF8 /* Images.xcassets */ = {isa = PBXFileReference; lastKnownFileType = folder.assetcatalog; path = Images.xcassets; sourceTree = "<group>"; };
		C40F29391A2605A60014DCF8 /* Base */ = {isa = PBXFileReference; lastKnownFileType = file.xib; name = Base; path = Base.lproj/LaunchScreen.xib; sourceTree = "<group>"; };
		C40F293F1A2605A60014DCF8 /* tableViewDemoTests.xctest */ = {isa = PBXFileReference; explicitFileType = wrapper.cfbundle; includeInIndex = 0; path = tableViewDemoTests.xctest; sourceTree = BUILT_PRODUCTS_DIR; };
		C40F29441A2605A60014DCF8 /* Info.plist */ = {isa = PBXFileReference; lastKnownFileType = text.plist.xml; path = Info.plist; sourceTree = "<group>"; };
		C40F29451A2605A60014DCF8 /* tableViewDemoTests.swift */ = {isa = PBXFileReference; lastKnownFileType = sourcecode.swift; path = tableViewDemoTests.swift; sourceTree = "<group>"; };
/* End PBXFileReference section */

/* Begin PBXFrameworksBuildPhase section */
		C40F29271A2605A60014DCF8 /* Frameworks */ = {
			isa = PBXFrameworksBuildPhase;
			buildActionMask = 2147483647;
			files = (
			);
			runOnlyForDeploymentPostprocessing = 0;
		};
		C40F293C1A2605A60014DCF8 /* Frameworks */ = {
			isa = PBXFrameworksBuildPhase;
			buildActionMask = 2147483647;
			files = (
			);
			runOnlyForDeploymentPostprocessing = 0;
		};
/* End PBXFrameworksBuildPhase section */

/* Begin PBXGroup section */
		C40F29211A2605A60014DCF8 = {
			isa = PBXGroup;
			children = (
				C40F292C1A2605A60014DCF8 /* tableViewDemo */,
				C40F29421A2605A60014DCF8 /* tableViewDemoTests */,
				C40F292B1A2605A60014DCF8 /* Products */,
			);
			sourceTree = "<group>";
		};
		C40F292B1A2605A60014DCF8 /* Products */ = {
			isa = PBXGroup;
			children = (
				C40F292A1A2605A60014DCF8 /* tableViewDemo.app */,
				C40F293F1A2605A60014DCF8 /* tableViewDemoTests.xctest */,
			);
			name = Products;
			sourceTree = "<group>";
		};
		C40F292C1A2605A60014DCF8 /* tableViewDemo */ = {
			isa = PBXGroup;
			children = (
				C40F292F1A2605A60014DCF8 /* AppDelegate.swift */,
				C40F29311A2605A60014DCF8 /* ViewController.swift */,
				C40F29331A2605A60014DCF8 /* Main.storyboard */,
				C40F29361A2605A60014DCF8 /* Images.xcassets */,
				C40F29381A2605A60014DCF8 /* LaunchScreen.xib */,
				C40F292D1A2605A60014DCF8 /* Supporting Files */,
			);
			path = tableViewDemo;
			sourceTree = "<group>";
		};
		C40F292D1A2605A60014DCF8 /* Supporting Files */ = {
			isa = PBXGroup;
			children = (
				C40F292E1A2605A60014DCF8 /* Info.plist */,
			);
			name = "Supporting Files";
			sourceTree = "<group>";
		};
		C40F29421A2605A60014DCF8 /* tableViewDemoTests */ = {
			isa = PBXGroup;
			children = (
				C40F29451A2605A60014DCF8 /* tableViewDemoTests.swift */,
				C40F29431A2605A60014DCF8 /* Supporting Files */,
			);
			path = tableViewDemoTests;
			sourceTree = "<group>";
		};
		C40F29431A2605A60014DCF8 /* Supporting Files */ = {
			isa = PBXGroup;
			children = (
				C40F29441A2605A60014DCF8 /* Info.plist */,
			);
			name = "Supporting Files";
			sourceTree = "<group>";
		};
/* End PBXGroup section */

/* Begin PBXNativeTarget section */
		C40F29291A2605A60014DCF8 /* tableViewDemo */ = {
			isa = PBXNativeTarget;
			buildConfigurationList = C40F29491A2605A60014DCF8 /* Build configuration list for PBXNativeTarget "tableViewDemo" */;
			buildPhases = (
				C40F29261A2605A60014DCF8 /* Sources */,
				C40F29271A2605A60014DCF8 /* Frameworks */,
				C40F29281A2605A60014DCF8 /* Resources */,
			);
			buildRules = (
			);
			dependencies = (
			);
			name = tableViewDemo;
			productName = tableViewDemo;
			productReference = C40F292A1A2605A60014DCF8 /* tableViewDemo.app */;
			productType = "com.apple.product-type.application";
		};
		C40F293E1A2605A60014DCF8 /* tableViewDemoTests */ = {
			isa = PBXNativeTarget;
			buildConfigurationList = C40F294C1A2605A60014DCF8 /* Build configuration list for PBXNativeTarget "tableViewDemoTests" */;
			buildPhases = (
				C40F293B1A2605A60014DCF8 /* Sources */,
				C40F293C1A2605A60014DCF8 /* Frameworks */,
				C40F293D1A2605A60014DCF8 /* Resources */,
			);
			buildRules = (
			);
			dependencies = (
				C40F29411A2605A60014DCF8 /* PBXTargetDependency */,
			);
			name = tableViewDemoTests;
			productName = tableViewDemoTests;
			productReference = C40F293F1A2605A60014DCF8 /* tableViewDemoTests.xctest */;
			productType = "com.apple.product-type.bundle.unit-test";
		};
/* End PBXNativeTarget section */

/* Begin PBXProject section */
		C40F29221A2605A60014DCF8 /* Project object */ = {
			isa = PBXProject;
			attributes = {
				LastUpgradeCheck = 0610;
				ORGANIZATIONNAME = "Wei Dai";
				TargetAttributes = {
					C40F29291A2605A60014DCF8 = {
						CreatedOnToolsVersion = 6.1;
					};
					C40F293E1A2605A60014DCF8 = {
						CreatedOnToolsVersion = 6.1;
						TestTargetID = C40F29291A2605A60014DCF8;
					};
				};
			};
			buildConfigurationList = C40F29251A2605A60014DCF8 /* Build configuration list for PBXProject "tableViewDemo" */;
			compatibilityVersion = "Xcode 3.2";
			developmentRegion = English;
			hasScannedForEncodings = 0;
			knownRegions = (
				en,
				Base,
			);
			mainGroup = C40F29211A2605A60014DCF8;
			productRefGroup = C40F292B1A2605A60014DCF8 /* Products */;
			projectDirPath = "";
			projectRoot = "";
			targets = (
				C40F29291A2605A60014DCF8 /* tableViewDemo */,
				C40F293E1A2605A60014DCF8 /* tableViewDemoTests */,
			);
		};
/* End PBXProject section */

/* Begin PBXResourcesBuildPhase section */
		C40F29281A2605A60014DCF8 /* Resources */ = {
			isa = PBXResourcesBuildPhase;
			buildActionMask = 2147483647;
			files = (
				C40F29351A2605A60014DCF8 /* Main.storyboard in Resources */,
				C40F293A1A2605A60014DCF8 /* LaunchScreen.xib in Resources */,
				C40F29371A2605A60014DCF8 /* Images.xcassets in Resources */,
			);
			runOnlyForDeploymentPostprocessing = 0;
		};
		C40F293D1A2605A60014DCF8 /* Resources */ = {
			isa = PBXResourcesBuildPhase;
			buildActionMask = 2147483647;
			files = (
			);
			runOnlyForDeploymentPostprocessing = 0;
		};
/* End PBXResourcesBuildPhase section */

/* Begin PBXSourcesBuildPhase section */
		C40F29261A2605A60014DCF8 /* Sources */ = {
			isa = PBXSourcesBuildPhase;
			buildActionMask = 2147483647;
			files = (
				C40F29321A2605A60014DCF8 /* ViewController.swift in Sources */,
				C40F29301A2605A60014DCF8 /* AppDelegate.swift in Sources */,
			);
			runOnlyForDeploymentPostprocessing = 0;
		};
		C40F293B1A2605A60014DCF8 /* Sources */ = {
			isa = PBXSourcesBuildPhase;
			buildActionMask = 2147483647;
			files = (
				C40F29461A2605A60014DCF8 /* tableViewDemoTests.swift in Sources */,
			);
			runOnlyForDeploymentPostprocessing = 0;
		};
/* End PBXSourcesBuildPhase section */

/* Begin PBXTargetDependency section */
		C40F29411A2605A60014DCF8 /* PBXTargetDependency */ = {
			isa = PBXTargetDependency;
			target = C40F29291A2605A60014DCF8 /* tableViewDemo */;
			targetProxy = C40F29401A2605A60014DCF8 /* PBXContainerItemProxy */;
		};
/* End PBXTargetDependency section */

/* Begin PBXVariantGroup section */
		C40F29331A2605A60014DCF8 /* Main.storyboard */ = {
			isa = PBXVariantGroup;
			children = (
				C40F29341A2605A60014DCF8 /* Base */,
			);
			name = Main.storyboard;
			sourceTree = "<group>";
		};
		C40F29381A2605A60014DCF8 /* LaunchScreen.xib */ = {
			isa = PBXVariantGroup;
			children = (
				C40F29391A2605A60014DCF8 /* Base */,
			);
			name = LaunchScreen.xib;
			sourceTree = "<group>";
		};
/* End PBXVariantGroup section */

/* Begin XCBuildConfiguration section */
		C40F29471A2605A60014DCF8 /* Debug */ = {
			isa = XCBuildConfiguration;
			buildSettings = {
				ALWAYS_SEARCH_USER_PATHS = NO;
				CLANG_CXX_LANGUAGE_STANDARD = "gnu++0x";
				CLANG_CXX_LIBRARY = "libc++";
				CLANG_ENABLE_MODULES = YES;
				CLANG_ENABLE_OBJC_ARC = YES;
				CLANG_WARN_BOOL_CONVERSION = YES;
				CLANG_WARN_CONSTANT_CONVERSION = YES;
				CLANG_WARN_DIRECT_OBJC_ISA_USAGE = YES_ERROR;
				CLANG_WARN_EMPTY_BODY = YES;
				CLANG_WARN_ENUM_CONVERSION = YES;
				CLANG_WARN_INT_CONVERSION = YES;
				CLANG_WARN_OBJC_ROOT_CLASS = YES_ERROR;
				CLANG_WARN_UNREACHABLE_CODE = YES;
				CLANG_WARN__DUPLICATE_METHOD_MATCH = YES;
				"CODE_SIGN_IDENTITY[sdk=iphoneos*]" = "iPhone Developer";
				COPY_PHASE_STRIP = NO;
				ENABLE_STRICT_OBJC_MSGSEND = YES;
				GCC_C_LANGUAGE_STANDARD = gnu99;
				GCC_DYNAMIC_NO_PIC = NO;
				GCC_OPTIMIZATION_LEVEL = 0;
				GCC_PREPROCESSOR_DEFINITIONS = (
					"DEBUG=1",
					"$(inherited)",
				);
				GCC_SYMBOLS_PRIVATE_EXTERN = NO;
				GCC_WARN_64_TO_32_BIT_CONVERSION = YES;
				GCC_WARN_ABOUT_RETURN_TYPE = YES_ERROR;
				GCC_WARN_UNDECLARED_SELECTOR = YES;
				GCC_WARN_UNINITIALIZED_AUTOS = YES_AGGRESSIVE;
				GCC_WARN_UNUSED_FUNCTION = YES;
				GCC_WARN_UNUSED_VARIABLE = YES;
				IPHONEOS_DEPLOYMENT_TARGET = 8.1;
				MTL_ENABLE_DEBUG_INFO = YES;
				ONLY_ACTIVE_ARCH = YES;
				SDKROOT = iphoneos;
				SWIFT_OPTIMIZATION_LEVEL = "-Onone";
			};
			name = Debug;
		};
		C40F29481A2605A60014DCF8 /* Release */ = {
			isa = XCBuildConfiguration;
			buildSettings = {
				ALWAYS_SEARCH_USER_PATHS = NO;
				CLANG_CXX_LANGUAGE_STANDARD = "gnu++0x";
				CLANG_CXX_LIBRARY = "libc++";
				CLANG_ENABLE_MODULES = YES;
				CLANG_ENABLE_OBJC_ARC = YES;
				CLANG_WARN_BOOL_CONVERSION = YES;
				CLANG_WARN_CONSTANT_CONVERSION = YES;
				CLANG_WARN_DIRECT_OBJC_ISA_USAGE = YES_ERROR;
				CLANG_WARN_EMPTY_BODY = YES;
				CLANG_WARN_ENUM_CONVERSION = YES;
				CLANG_WARN_INT_CONVERSION = YES;
				CLANG_WARN_OBJC_ROOT_CLASS = YES_ERROR;
				CLANG_WARN_UNREACHABLE_CODE = YES;
				CLANG_WARN__DUPLICATE_METHOD_MATCH = YES;
				"CODE_SIGN_IDENTITY[sdk=iphoneos*]" = "iPhone Developer";
				COPY_PHASE_STRIP = YES;
				ENABLE_NS_ASSERTIONS = NO;
				ENABLE_STRICT_OBJC_MSGSEND = YES;
				GCC_C_LANGUAGE_STANDARD = gnu99;
				GCC_WARN_64_TO_32_BIT_CONVERSION = YES;
				GCC_WARN_ABOUT_RETURN_TYPE = YES_ERROR;
				GCC_WARN_UNDECLARED_SELECTOR = YES;
				GCC_WARN_UNINITIALIZED_AUTOS = YES_AGGRESSIVE;
				GCC_WARN_UNUSED_FUNCTION = YES;
				GCC_WARN_UNUSED_VARIABLE = YES;
				IPHONEOS_DEPLOYMENT_TARGET = 8.1;
				MTL_ENABLE_DEBUG_INFO = NO;
				SDKROOT = iphoneos;
				VALIDATE_PRODUCT = YES;
			};
			name = Release;
		};
		C40F294A1A2605A60014DCF8 /* Debug */ = {
			isa = XCBuildConfiguration;
			buildSettings = {
				ASSETCATALOG_COMPILER_APPICON_NAME = AppIcon;
				INFOPLIST_FILE = tableViewDemo/Info.plist;
				LD_RUNPATH_SEARCH_PATHS = "$(inherited) @executable_path/Frameworks";
				PRODUCT_NAME = "$(TARGET_NAME)";
			};
			name = Debug;
		};
		C40F294B1A2605A60014DCF8 /* Release */ = {
			isa = XCBuildConfiguration;
			buildSettings = {
				ASSETCATALOG_COMPILER_APPICON_NAME = AppIcon;
				INFOPLIST_FILE = tableViewDemo/Info.plist;
				LD_RUNPATH_SEARCH_PATHS = "$(inherited) @executable_path/Frameworks";
				PRODUCT_NAME = "$(TARGET_NAME)";
			};
			name = Release;
		};
		C40F294D1A2605A60014DCF8 /* Debug */ = {
			isa = XCBuildConfiguration;
			buildSettings = {
				BUNDLE_LOADER = "$(TEST_HOST)";
				FRAMEWORK_SEARCH_PATHS = (
					"$(SDKROOT)/Developer/Library/Frameworks",
					"$(inherited)",
				);
				GCC_PREPROCESSOR_DEFINITIONS = (
					"DEBUG=1",
					"$(inherited)",
				);
				INFOPLIST_FILE = tableViewDemoTests/Info.plist;
				LD_RUNPATH_SEARCH_PATHS = "$(inherited) @executable_path/Frameworks @loader_path/Frameworks";
				PRODUCT_NAME = "$(TARGET_NAME)";
				TEST_HOST = "$(BUILT_PRODUCTS_DIR)/tableViewDemo.app/tableViewDemo";
			};
			name = Debug;
		};
		C40F294E1A2605A60014DCF8 /* Release */ = {
			isa = XCBuildConfiguration;
			buildSettings = {
				BUNDLE_LOADER = "$(TEST_HOST)";
				FRAMEWORK_SEARCH_PATHS = (
					"$(SDKROOT)/Developer/Library/Frameworks",
					"$(inherited)",
				);
				INFOPLIST_FILE = tableViewDemoTests/Info.plist;
				LD_RUNPATH_SEARCH_PATHS = "$(inherited) @executable_path/Frameworks @loader_path/Frameworks";
				PRODUCT_NAME = "$(TARGET_NAME)";
				TEST_HOST = "$(BUILT_PRODUCTS_DIR)/tableViewDemo.app/tableViewDemo";
			};
			name = Release;
		};
/* End XCBuildConfiguration section */

/* Begin XCConfigurationList section */
		C40F29251A2605A60014DCF8 /* Build configuration list for PBXProject "tableViewDemo" */ = {
			isa = XCConfigurationList;
			buildConfigurations = (
				C40F29471A2605A60014DCF8 /* Debug */,
				C40F29481A2605A60014DCF8 /* Release */,
			);
			defaultConfigurationIsVisible = 0;
			defaultConfigurationName = Release;
		};
		C40F29491A2605A60014DCF8 /* Build configuration list for PBXNativeTarget "tableViewDemo" */ = {
			isa = XCConfigurationList;
			buildConfigurations = (
				C40F294A1A2605A60014DCF8 /* Debug */,
				C40F294B1A2605A60014DCF8 /* Release */,
			);
			defaultConfigurationIsVisible = 0;
		};
		C40F294C1A2605A60014DCF8 /* Build configuration list for PBXNativeTarget "tableViewDemoTests" */ = {
			isa = XCConfigurationList;
			buildConfigurations = (
				C40F294D1A2605A60014DCF8 /* Debug */,
				C40F294E1A2605A60014DCF8 /* Release */,
			);
			defaultConfigurationIsVisible = 0;
		};
/* End XCConfigurationList section */
	};
	rootObject = C40F29221A2605A60014DCF8 /* Project object */;
}
